# THIS IS AN AUTOGENERATED FILE. DO NOT EDIT THIS FILE DIRECTLY.
# yarn lockfile v1


decode-uri-component@^0.2.0:
  version "0.2.0"
  resolved "https://registry.yarnpkg.com/decode-uri-component/-/decode-uri-component-0.2.0.tgz#eb3913333458775cb84cd1a1fae062106bb87545"
  integrity sha1-6zkTMzRYd1y4TNGh+uBiEGu4dUU=

node-fetch@^2.3.0:
  version "2.3.0"
  resolved "https://registry.yarnpkg.com/node-fetch/-/node-fetch-2.3.0.tgz#1a1d940bbfb916a1d3e0219f037e89e71f8c5fa5"
  integrity sha512-MOd8pV3fxENbryESLgVIeaGKrdl+uaYhCSSVkjeOb/31/njTpcis5aWfdqgNlHIrKOLRbMnfPINPOML2CIFeXA==

query-string@^6.2.0:
  version "6.2.0"
  resolved "https://registry.yarnpkg.com/query-string/-/query-string-6.2.0.tgz#468edeb542b7e0538f9f9b1aeb26f034f19c86e1"
  integrity sha512-5wupExkIt8RYL4h/FE+WTg3JHk62e6fFPWtAZA9J5IWK1PfTfKkMS93HBUHcFpeYi9KsY5pFbh+ldvEyaz5MyA==
  dependencies:
    decode-uri-component "^0.2.0"
    strict-uri-encode "^2.0.0"

strict-uri-encode@^2.0.0:
  version "2.0.0"
  resolved "https://registry.yarnpkg.com/strict-uri-encode/-/strict-uri-encode-2.0.0.tgz#b9c7330c7042862f6b142dc274bbcc5866ce3546"
  integrity sha1-ucczDHBChi9rFC3CdLvMWGbONUY=
